# THIS IS AN AUTOGENERATED FILE. DO NOT EDIT THIS FILE DIRECTLY.
# yarn lockfile v1


"@supabase/auth-js@2.78.0":
  version "2.78.0"
  resolved "https://registry.yarnpkg.com/@supabase/auth-js/-/auth-js-2.78.0.tgz#23f9a92347ec0a636b7267d95e997c78cf574464"
  integrity sha512-cXDtu1U0LeZj/xfnFoV7yCze37TcbNo8FCxy1FpqhMbB9u9QxxDSW6pA5gm/07Ei7m260Lof4CZx67Cu6DPeig==
  dependencies:
    "@supabase/node-fetch" "2.6.15"
    tslib "2.8.1"

"@supabase/functions-js@2.78.0":
  version "2.78.0"
  resolved "https://registry.yarnpkg.com/@supabase/functions-js/-/functions-js-2.78.0.tgz#ebb364a7d99d7ed233c553f4c314be00e499653b"
  integrity sha512-t1jOvArBsOINyqaRee1xJ3gryXLvkBzqnKfi6q3YRzzhJbGS6eXz0pXR5fqmJeB01fLC+1njpf3YhMszdPEF7g==
  dependencies:
    "@supabase/node-fetch" "2.6.15"
    tslib "2.8.1"

"@supabase/node-fetch@2.6.15":
  version "2.6.15"
  resolved "https://registry.yarnpkg.com/@supabase/node-fetch/-/node-fetch-2.6.15.tgz#731271430e276983191930816303c44159e7226c"
  integrity sha512-1ibVeYUacxWYi9i0cf5efil6adJ9WRyZBLivgjs+AUpewx1F3xPi7gLgaASI2SmIQxPoCEjAsLAzKPgMJVgOUQ==
  dependencies:
    whatwg-url "^5.0.0"

"@supabase/postgrest-js@2.78.0":
  version "2.78.0"
  resolved "https://registry.yarnpkg.com/@supabase/postgrest-js/-/postgrest-js-2.78.0.tgz#45d49799b81d0c2107c1d403f64ad09b06b2aacd"
  integrity sha512-AwhpYlSvJ+PSnPmIK8sHj7NGDyDENYfQGKrMtpVIEzQA2ApUjgpUGxzXWN4Z0wEtLQsvv7g4y9HVad9Hzo1TNA==
  dependencies:
    "@supabase/node-fetch" "2.6.15"
    tslib "2.8.1"

"@supabase/realtime-js@2.78.0":
  version "2.78.0"
  resolved "https://registry.yarnpkg.com/@supabase/realtime-js/-/realtime-js-2.78.0.tgz#4a9e9cffb256fe75076fb6c5e50d367c5f555d62"
  integrity sha512-rCs1zmLe7of7hj4s7G9z8rTqzWuNVtmwDr3FiCRCJFawEoa+RQO1xpZGbdeuVvVmKDyVN6b542Okci+117y/LQ==
  dependencies:
    "@supabase/node-fetch" "2.6.15"
    "@types/phoenix" "^1.6.6"
    "@types/ws" "^8.18.1"
    tslib "2.8.1"
    ws "^8.18.2"

"@supabase/storage-js@2.78.0":
  version "2.78.0"
  resolved "https://registry.yarnpkg.com/@supabase/storage-js/-/storage-js-2.78.0.tgz#3bd60f031a5b7a5e254ed270dce7155671470c48"
  integrity sha512-n17P0JbjHOlxqJpkaGFOn97i3EusEKPEbWOpuk1r4t00Wg06B8Z4GUiq0O0n1vUpjiMgJUkLIMuBVp+bEgunzQ==
  dependencies:
    "@supabase/node-fetch" "2.6.15"
    tslib "2.8.1"

"@supabase/supabase-js@^2.78.0":
  version "2.78.0"
  resolved "https://registry.yarnpkg.com/@supabase/supabase-js/-/supabase-js-2.78.0.tgz#34438769bd1af2d3bac926be24c477c3d700543c"
  integrity sha512-xYMRNBFmKp2m1gMuwcp/gr/HlfZKqjye1Ib8kJe29XJNsgwsfO/f8skxnWiscFKTlkOKLuBexNgl5L8dzGt6vA==
  dependencies:
    "@supabase/auth-js" "2.78.0"
    "@supabase/functions-js" "2.78.0"
    "@supabase/node-fetch" "2.6.15"
    "@supabase/postgrest-js" "2.78.0"
    "@supabase/realtime-js" "2.78.0"
    "@supabase/storage-js" "2.78.0"

"@types/node@*":
  version "24.9.2"
  resolved "https://registry.yarnpkg.com/@types/node/-/node-24.9.2.tgz#90ded2422dbfcafcf72080f28975adc21366148d"
  integrity sha512-uWN8YqxXxqFMX2RqGOrumsKeti4LlmIMIyV0lgut4jx7KQBcBiW6vkDtIBvHnHIquwNfJhk8v2OtmO8zXWHfPA==
  dependencies:
    undici-types "~7.16.0"

"@types/phoenix@^1.6.6":
  version "1.6.6"
  resolved "https://registry.yarnpkg.com/@types/phoenix/-/phoenix-1.6.6.tgz#3c1ab53fd5a23634b8e37ea72ccacbf07fbc7816"
  integrity sha512-PIzZZlEppgrpoT2QgbnDU+MMzuR6BbCjllj0bM70lWoejMeNJAxCchxnv7J3XFkI8MpygtRpzXrIlmWUBclP5A==

"@types/ws@^8.18.1":
  version "8.18.1"
  resolved "https://registry.yarnpkg.com/@types/ws/-/ws-8.18.1.tgz#48464e4bf2ddfd17db13d845467f6070ffea4aa9"
  integrity sha512-ThVF6DCVhA8kUGy+aazFQ4kXQ7E1Ty7A3ypFOe0IcJV8O/M511G99AW24irKrW56Wt44yG9+ij8FaqoBGkuBXg==
  dependencies:
    "@types/node" "*"

tr46@~0.0.3:
  version "0.0.3"
  resolved "https://registry.yarnpkg.com/tr46/-/tr46-0.0.3.tgz#8184fd347dac9cdc185992f3a6622e14b9d9ab6a"
  integrity sha512-N3WMsuqV66lT30CrXNbEjx4GEwlow3v6rr4mCcv6prnfwhS01rkgyFdjPNBYd9br7LpXV1+Emh01fHnq2Gdgrw==

tslib@2.8.1:
  version "2.8.1"
  resolved "https://registry.yarnpkg.com/tslib/-/tslib-2.8.1.tgz#612efe4ed235d567e8aba5f2a5fab70280ade83f"
  integrity sha512-oJFu94HQb+KVduSUQL7wnpmqnfmLsOA/nAh6b6EH0wCEoK0/mPeXU6c3wKDV83MkOuHPRHtSXKKU99IBazS/2w==

undici-types@~7.16.0:
  version "7.16.0"
  resolved "https://registry.yarnpkg.com/undici-types/-/undici-types-7.16.0.tgz#ffccdff36aea4884cbfce9a750a0580224f58a46"
  integrity sha512-Zz+aZWSj8LE6zoxD+xrjh4VfkIG8Ya6LvYkZqtUQGJPZjYl53ypCaUwWqo7eI0x66KBGeRo+mlBEkMSeSZ38Nw==

webidl-conversions@^3.0.0:
  version "3.0.1"
  resolved "https://registry.yarnpkg.com/webidl-conversions/-/webidl-conversions-3.0.1.tgz#24534275e2a7bc6be7bc86611cc16ae0a5654871"
  integrity sha512-2JAn3z8AR6rjK8Sm8orRC0h/bcl/DqL7tRPdGZ4I1CjdF+EaMLmYxBHyXuKL849eucPFhvBoxMsflfOb8kxaeQ==

whatwg-url@^5.0.0:
  version "5.0.0"
  resolved "https://registry.yarnpkg.com/whatwg-url/-/whatwg-url-5.0.0.tgz#966454e8765462e37644d3626f6742ce8b70965d"
  integrity sha512-saE57nupxk6v3HY35+jzBwYa0rKSy0XR8JSxZPwgLr7ys0IBzhGviA1/TUGJLmSVqs8pb9AnvICXEuOHLprYTw==
  dependencies:
    tr46 "~0.0.3"
    webidl-conversions "^3.0.0"

ws@^8.18.2:
  version "8.18.3"
  resolved "https://registry.yarnpkg.com/ws/-/ws-8.18.3.tgz#b56b88abffde62791c639170400c93dcb0c95472"
  integrity sha512-PEIGCY5tSlUt50cqyMXfCzX+oOPqN0vuGqWzbcJ2xvnkzkq46oOpz7dQaTDBdfICb4N14+GARUDw2XV2N4tvzg==
